
Microsoft Visual Studio Solution File, Format Version 12.00
# Visual Studio Version 17
VisualStudioVersion = 17.3.32825.248
MinimumVisualStudioVersion = 10.0.40219.1
Project("{FAE04EC0-301F-11D3-BF4B-00C04F79EFBC}") = "EmployeeManagement", "EmployeeManagement\EmployeeManagement.csproj", "{408E9426-09C7-4F71-A564-47856D3B365C}"
EndProject
Global
	GlobalSection(SolutionConfigurationPlatforms) = preSolution
		Debug|Any CPU = Debug|Any CPU
		Release|Any CPU = Release|Any CPU
	EndGlobalSection
	GlobalSection(ProjectConfigurationPlatforms) = postSolution
		{408E9426-09C7-4F71-A564-47856D3B365C}.Debug|Any CPU.ActiveCfg = Debug|Any CPU
		{408E9426-09C7-4F71-A564-47856D3B365C}.Debug|Any CPU.Build.0 = Debug|Any CPU
		{408E9426-09C7-4F71-A564-47856D3B365C}.Release|Any CPU.ActiveCfg = Release|Any CPU
		{408E9426-09C7-4F71-A564-47856D3B365C}.Release|Any CPU.Build.0 = Release|Any CPU
	EndGlobalSection
	GlobalSection(SolutionProperties) = preSolution
		HideSolutionNode = FALSE
	EndGlobalSection
	GlobalSection(ExtensibilityGlobals) = postSolution
		SolutionGuid = {12149346-357F-42B5-B9A1-AA6CD51B6888}
	EndGlobalSection
EndGlobal
